// !$*UTF8*$!
{
	archiveVersion = 1;
	classes = {
	};
	objectVersion = 55;
	objects = {

/* Begin PBXBuildFile section */
		324C86672804E71A008F4AED /* Forecast.swift in Sources */ = {isa = PBXBuildFile; fileRef = 324C86662804E71A008F4AED /* Forecast.swift */; };
		324C866D2804FB4D008F4AED /* Network.swift in Sources */ = {isa = PBXBuildFile; fileRef = 324C866C2804FB4D008F4AED /* Network.swift */; };
		324C86702805074C008F4AED /* ForecastListType.swift in Sources */ = {isa = PBXBuildFile; fileRef = 324C866F2805074C008F4AED /* ForecastListType.swift */; };
		32570E502806503F0069FB33 /* SplitViewViewController.swift in Sources */ = {isa = PBXBuildFile; fileRef = 32570E4F2806503F0069FB33 /* SplitViewViewController.swift */; };
		81D27DBB27E1F00600C849E5 /* AppDelegate.swift in Sources */ = {isa = PBXBuildFile; fileRef = 81D27DBA27E1F00600C849E5 /* AppDelegate.swift */; };
		81D27DC227E1F00600C849E5 /* Main.storyboard in Resources */ = {isa = PBXBuildFile; fileRef = 81D27DC027E1F00600C849E5 /* Main.storyboard */; };
		81D27DC427E1F00800C849E5 /* Assets.xcassets in Resources */ = {isa = PBXBuildFile; fileRef = 81D27DC327E1F00800C849E5 /* Assets.xcassets */; };
		81D27DC727E1F00800C849E5 /* LaunchScreen.storyboard in Resources */ = {isa = PBXBuildFile; fileRef = 81D27DC527E1F00800C849E5 /* LaunchScreen.storyboard */; };
		81D27DCF27E1F30F00C849E5 /* MasterViewController.swift in Sources */ = {isa = PBXBuildFile; fileRef = 81D27DCE27E1F30F00C849E5 /* MasterViewController.swift */; };
		81D27DD127E1F32D00C849E5 /* DetailViewController.swift in Sources */ = {isa = PBXBuildFile; fileRef = 81D27DD027E1F32D00C849E5 /* DetailViewController.swift */; };
/* End PBXBuildFile section */

/* Begin PBXFileReference section */
		324C86662804E71A008F4AED /* Forecast.swift */ = {isa = PBXFileReference; lastKnownFileType = sourcecode.swift; path = Forecast.swift; sourceTree = "<group>"; };
		324C866C2804FB4D008F4AED /* Network.swift */ = {isa = PBXFileReference; lastKnownFileType = sourcecode.swift; path = Network.swift; sourceTree = "<group>"; };
		324C866F2805074C008F4AED /* ForecastListType.swift */ = {isa = PBXFileReference; lastKnownFileType = sourcecode.swift; path = ForecastListType.swift; sourceTree = "<group>"; };
		32570E4F2806503F0069FB33 /* SplitViewViewController.swift */ = {isa = PBXFileReference; lastKnownFileType = sourcecode.swift; path = SplitViewViewController.swift; sourceTree = "<group>"; };
		81D27DB727E1F00600C849E5 /* WebediaTest.app */ = {isa = PBXFileReference; explicitFileType = wrapper.application; includeInIndex = 0; path = WebediaTest.app; sourceTree = BUILT_PRODUCTS_DIR; };
		81D27DBA27E1F00600C849E5 /* AppDelegate.swift */ = {isa = PBXFileReference; lastKnownFileType = sourcecode.swift; path = AppDelegate.swift; sourceTree = "<group>"; };
		81D27DC127E1F00600C849E5 /* Base */ = {isa = PBXFileReference; lastKnownFileType = file.storyboard; name = Base; path = Base.lproj/Main.storyboard; sourceTree = "<group>"; };
		81D27DC327E1F00800C849E5 /* Assets.xcassets */ = {isa = PBXFileReference; lastKnownFileType = folder.assetcatalog; path = Assets.xcassets; sourceTree = "<group>"; };
		81D27DC627E1F00800C849E5 /* Base */ = {isa = PBXFileReference; lastKnownFileType = file.storyboard; name = Base; path = Base.lproj/LaunchScreen.storyboard; sourceTree = "<group>"; };
		81D27DC827E1F00800C849E5 /* Info.plist */ = {isa = PBXFileReference; lastKnownFileType = text.plist.xml; path = Info.plist; sourceTree = "<group>"; };
		81D27DCE27E1F30F00C849E5 /* MasterViewController.swift */ = {isa = PBXFileReference; lastKnownFileType = sourcecode.swift; path = MasterViewController.swift; sourceTree = "<group>"; };
		81D27DD027E1F32D00C849E5 /* DetailViewController.swift */ = {isa = PBXFileReference; lastKnownFileType = sourcecode.swift; path = DetailViewController.swift; sourceTree = "<group>"; };
/* End PBXFileReference section */

/* Begin PBXFrameworksBuildPhase section */
		81D27DB427E1F00600C849E5 /* Frameworks */ = {
			isa = PBXFrameworksBuildPhase;
			buildActionMask = 2147483647;
			files = (
			);
			runOnlyForDeploymentPostprocessing = 0;
		};
/* End PBXFrameworksBuildPhase section */

/* Begin PBXGroup section */
		324C86652804E6FE008F4AED /* Models */ = {
			isa = PBXGroup;
			children = (
				324C86662804E71A008F4AED /* Forecast.swift */,
			);
			path = Models;
			sourceTree = "<group>";
		};
		324C866B2804FB44008F4AED /* Helper */ = {
			isa = PBXGroup;
			children = (
				324C866C2804FB4D008F4AED /* Network.swift */,
			);
			path = Helper;
			sourceTree = "<group>";
		};
		324C866E2805072F008F4AED /* Enums */ = {
			isa = PBXGroup;
			children = (
				324C866F2805074C008F4AED /* ForecastListType.swift */,
			);
			path = Enums;
			sourceTree = "<group>";
		};
		32570E51280664FA0069FB33 /* Controllers */ = {
			isa = PBXGroup;
			children = (
				81D27DCE27E1F30F00C849E5 /* MasterViewController.swift */,
				81D27DD027E1F32D00C849E5 /* DetailViewController.swift */,
				32570E4F2806503F0069FB33 /* SplitViewViewController.swift */,
			);
			path = Controllers;
			sourceTree = "<group>";
		};
		81D27DAE27E1F00600C849E5 = {
			isa = PBXGroup;
			children = (
				81D27DB927E1F00600C849E5 /* WebediaTest */,
				81D27DB827E1F00600C849E5 /* Products */,
			);
			sourceTree = "<group>";
		};
		81D27DB827E1F00600C849E5 /* Products */ = {
			isa = PBXGroup;
			children = (
				81D27DB727E1F00600C849E5 /* WebediaTest.app */,
			);
			name = Products;
			sourceTree = "<group>";
		};
		81D27DB927E1F00600C849E5 /* WebediaTest */ = {
			isa = PBXGroup;
			children = (
				32570E51280664FA0069FB33 /* Controllers */,
				324C866E2805072F008F4AED /* Enums */,
				324C866B2804FB44008F4AED /* Helper */,
				324C86652804E6FE008F4AED /* Models */,
				81D27DBA27E1F00600C849E5 /* AppDelegate.swift */,
				81D27DC027E1F00600C849E5 /* Main.storyboard */,
				81D27DC327E1F00800C849E5 /* Assets.xcassets */,
				81D27DC527E1F00800C849E5 /* LaunchScreen.storyboard */,
				81D27DC827E1F00800C849E5 /* Info.plist */,
			);
			path = WebediaTest;
			sourceTree = "<group>";
		};
/* End PBXGroup section */

/* Begin PBXNativeTarget section */
		81D27DB627E1F00600C849E5 /* WebediaTest */ = {
			isa = PBXNativeTarget;
			buildConfigurationList = 81D27DCB27E1F00800C849E5 /* Build configuration list for PBXNativeTarget "WebediaTest" */;
			buildPhases = (
				81D27DB327E1F00600C849E5 /* Sources */,
				81D27DB427E1F00600C849E5 /* Frameworks */,
				81D27DB527E1F00600C849E5 /* Resources */,
			);
			buildRules = (
			);
			dependencies = (
			);
			name = WebediaTest;
			productName = WebediaTest;
			productReference = 81D27DB727E1F00600C849E5 /* WebediaTest.app */;
			productType = "com.apple.product-type.application";
		};
/* End PBXNativeTarget section */

/* Begin PBXProject section */
		81D27DAF27E1F00600C849E5 /* Project object */ = {
			isa = PBXProject;
			attributes = {
				BuildIndependentTargetsInParallel = 1;
				LastSwiftUpdateCheck = 1320;
				LastUpgradeCheck = 1320;
				TargetAttributes = {
					81D27DB627E1F00600C849E5 = {
						CreatedOnToolsVersion = 13.2.1;
						LastSwiftMigration = 1330;
					};
				};
			};
			buildConfigurationList = 81D27DB227E1F00600C849E5 /* Build configuration list for PBXProject "WebediaTest" */;
			compatibilityVersion = "Xcode 13.0";
			developmentRegion = en;
			hasScannedForEncodings = 0;
			knownRegions = (
				en,
				Base,
			);
			mainGroup = 81D27DAE27E1F00600C849E5;
			productRefGroup = 81D27DB827E1F00600C849E5 /* Products */;
			projectDirPath = "";
			projectRoot = "";
			targets = (
				81D27DB627E1F00600C849E5 /* WebediaTest */,
			);
		};
/* End PBXProject section */

/* Begin PBXResourcesBuildPhase section */
		81D27DB527E1F00600C849E5 /* Resources */ = {
			isa = PBXResourcesBuildPhase;
			buildActionMask = 2147483647;
			files = (
				81D27DC727E1F00800C849E5 /* LaunchScreen.storyboard in Resources */,
				81D27DC427E1F00800C849E5 /* Assets.xcassets in Resources */,
				81D27DC227E1F00600C849E5 /* Main.storyboard in Resources */,
			);
			runOnlyForDeploymentPostprocessing = 0;
		};
/* End PBXResourcesBuildPhase section */

/* Begin PBXSourcesBuildPhase section */
		81D27DB327E1F00600C849E5 /* Sources */ = {
			isa = PBXSourcesBuildPhase;
			buildActionMask = 2147483647;
			files = (
				324C866D2804FB4D008F4AED /* Network.swift in Sources */,
				32570E502806503F0069FB33 /* SplitViewViewController.swift in Sources */,
				324C86672804E71A008F4AED /* Forecast.swift in Sources */,
				324C86702805074C008F4AED /* ForecastListType.swift in Sources */,
				81D27DD127E1F32D00C849E5 /* DetailViewController.swift in Sources */,
				81D27DCF27E1F30F00C849E5 /* MasterViewController.swift in Sources */,
				81D27DBB27E1F00600C849E5 /* AppDelegate.swift in Sources */,
			);
			runOnlyForDeploymentPostprocessing = 0;
		};
/* End PBXSourcesBuildPhase section */

/* Begin PBXVariantGroup section */
		81D27DC027E1F00600C849E5 /* Main.storyboard */ = {
			isa = PBXVariantGroup;
			children = (
				81D27DC127E1F00600C849E5 /* Base */,
			);
			name = Main.storyboard;
			sourceTree = "<group>";
		};
		81D27DC527E1F00800C849E5 /* LaunchScreen.storyboard */ = {
			isa = PBXVariantGroup;
			children = (
				81D27DC627E1F00800C849E5 /* Base */,
			);
			name = LaunchScreen.storyboard;
			sourceTree = "<group>";
		};
/* End PBXVariantGroup section */

/* Begin XCBuildConfiguration section */
		81D27DC927E1F00800C849E5 /* Debug */ = {
			isa = XCBuildConfiguration;
			buildSettings = {
				ALWAYS_SEARCH_USER_PATHS = NO;
				CLANG_ANALYZER_NONNULL = YES;
				CLANG_ANALYZER_NUMBER_OBJECT_CONVERSION = YES_AGGRESSIVE;
				CLANG_CXX_LANGUAGE_STANDARD = "gnu++17";
				CLANG_CXX_LIBRARY = "libc++";
				CLANG_ENABLE_MODULES = YES;
				CLANG_ENABLE_OBJC_ARC = YES;
				CLANG_ENABLE_OBJC_WEAK = YES;
				CLANG_WARN_BLOCK_CAPTURE_AUTORELEASING = YES;
				CLANG_WARN_BOOL_CONVERSION = YES;
				CLANG_WARN_COMMA = YES;
				CLANG_WARN_CONSTANT_CONVERSION = YES;
				CLANG_WARN_DEPRECATED_OBJC_IMPLEMENTATIONS = YES;
				CLANG_WARN_DIRECT_OBJC_ISA_USAGE = YES_ERROR;
				CLANG_WARN_DOCUMENTATION_COMMENTS = YES;
				CLANG_WARN_EMPTY_BODY = YES;
				CLANG_WARN_ENUM_CONVERSION = YES;
				CLANG_WARN_INFINITE_RECURSION = YES;
				CLANG_WARN_INT_CONVERSION = YES;
				CLANG_WARN_NON_LITERAL_NULL_CONVERSION = YES;
				CLANG_WARN_OBJC_IMPLICIT_RETAIN_SELF = YES;
				CLANG_WARN_OBJC_LITERAL_CONVERSION = YES;
				CLANG_WARN_OBJC_ROOT_CLASS = YES_ERROR;
				CLANG_WARN_QUOTED_INCLUDE_IN_FRAMEWORK_HEADER = YES;
				CLANG_WARN_RANGE_LOOP_ANALYSIS = YES;
				CLANG_WARN_STRICT_PROTOTYPES = YES;
				CLANG_WARN_SUSPICIOUS_MOVE = YES;
				CLANG_WARN_UNGUARDED_AVAILABILITY = YES_AGGRESSIVE;
				CLANG_WARN_UNREACHABLE_CODE = YES;
				CLANG_WARN__DUPLICATE_METHOD_MATCH = YES;
				COPY_PHASE_STRIP = NO;
				DEBUG_INFORMATION_FORMAT = dwarf;
				ENABLE_STRICT_OBJC_MSGSEND = YES;
				ENABLE_TESTABILITY = YES;
				GCC_C_LANGUAGE_STANDARD = gnu11;
				GCC_DYNAMIC_NO_PIC = NO;
				GCC_NO_COMMON_BLOCKS = YES;
				GCC_OPTIMIZATION_LEVEL = 0;
				GCC_PREPROCESSOR_DEFINITIONS = (
					"DEBUG=1",
					"$(inherited)",
				);
				GCC_WARN_64_TO_32_BIT_CONVERSION = YES;
				GCC_WARN_ABOUT_RETURN_TYPE = YES_ERROR;
				GCC_WARN_UNDECLARED_SELECTOR = YES;
				GCC_WARN_UNINITIALIZED_AUTOS = YES_AGGRESSIVE;
				GCC_WARN_UNUSED_FUNCTION = YES;
				GCC_WARN_UNUSED_VARIABLE = YES;
				IPHONEOS_DEPLOYMENT_TARGET = 12.1;
				MTL_ENABLE_DEBUG_INFO = INCLUDE_SOURCE;
				MTL_FAST_MATH = YES;
				ONLY_ACTIVE_ARCH = YES;
				SDKROOT = iphoneos;
				SWIFT_ACTIVE_COMPILATION_CONDITIONS = DEBUG;
				SWIFT_OPTIMIZATION_LEVEL = "-Onone";
			};
			name = Debug;
		};
		81D27DCA27E1F00800C849E5 /* Release */ = {
			isa = XCBuildConfiguration;
			buildSettings = {
				ALWAYS_SEARCH_USER_PATHS = NO;
				CLANG_ANALYZER_NONNULL = YES;
				CLANG_ANALYZER_NUMBER_OBJECT_CONVERSION = YES_AGGRESSIVE;
				CLANG_CXX_LANGUAGE_STANDARD = "gnu++17";
				CLANG_CXX_LIBRARY = "libc++";
				CLANG_ENABLE_MODULES = YES;
				CLANG_ENABLE_OBJC_ARC = YES;
				CLANG_ENABLE_OBJC_WEAK = YES;
				CLANG_WARN_BLOCK_CAPTURE_AUTORELEASING = YES;
				CLANG_WARN_BOOL_CONVERSION = YES;
				CLANG_WARN_COMMA = YES;
				CLANG_WARN_CONSTANT_CONVERSION = YES;
				CLANG_WARN_DEPRECATED_OBJC_IMPLEMENTATIONS = YES;
				CLANG_WARN_DIRECT_OBJC_ISA_USAGE = YES_ERROR;
				CLANG_WARN_DOCUMENTATION_COMMENTS = YES;
				CLANG_WARN_EMPTY_BODY = YES;
				CLANG_WARN_ENUM_CONVERSION = YES;
				CLANG_WARN_INFINITE_RECURSION = YES;
				CLANG_WARN_INT_CONVERSION = YES;
				CLANG_WARN_NON_LITERAL_NULL_CONVERSION = YES;
				CLANG_WARN_OBJC_IMPLICIT_RETAIN_SELF = YES;
				CLANG_WARN_OBJC_LITERAL_CONVERSION = YES;
				CLANG_WARN_OBJC_ROOT_CLASS = YES_ERROR;
				CLANG_WARN_QUOTED_INCLUDE_IN_FRAMEWORK_HEADER = YES;
				CLANG_WARN_RANGE_LOOP_ANALYSIS = YES;
				CLANG_WARN_STRICT_PROTOTYPES = YES;
				CLANG_WARN_SUSPICIOUS_MOVE = YES;
				CLANG_WARN_UNGUARDED_AVAILABILITY = YES_AGGRESSIVE;
				CLANG_WARN_UNREACHABLE_CODE = YES;
				CLANG_WARN__DUPLICATE_METHOD_MATCH = YES;
				COPY_PHASE_STRIP = NO;
				DEBUG_INFORMATION_FORMAT = "dwarf-with-dsym";
				ENABLE_NS_ASSERTIONS = NO;
				ENABLE_STRICT_OBJC_MSGSEND = YES;
				GCC_C_LANGUAGE_STANDARD = gnu11;
				GCC_NO_COMMON_BLOCKS = YES;
				GCC_WARN_64_TO_32_BIT_CONVERSION = YES;
				GCC_WARN_ABOUT_RETURN_TYPE = YES_ERROR;
				GCC_WARN_UNDECLARED_SELECTOR = YES;
				GCC_WARN_UNINITIALIZED_AUTOS = YES_AGGRESSIVE;
				GCC_WARN_UNUSED_FUNCTION = YES;
				GCC_WARN_UNUSED_VARIABLE = YES;
				IPHONEOS_DEPLOYMENT_TARGET = 12.1;
				MTL_ENABLE_DEBUG_INFO = NO;
				MTL_FAST_MATH = YES;
				SDKROOT = iphoneos;
				SWIFT_COMPILATION_MODE = wholemodule;
				SWIFT_OPTIMIZATION_LEVEL = "-O";
				VALIDATE_PRODUCT = YES;
			};
			name = Release;
		};
		81D27DCC27E1F00800C849E5 /* Debug */ = {
			isa = XCBuildConfiguration;
			buildSettings = {
				ASSETCATALOG_COMPILER_APPICON_NAME = AppIcon;
				ASSETCATALOG_COMPILER_GLOBAL_ACCENT_COLOR_NAME = AccentColor;
				CODE_SIGN_STYLE = Automatic;
				CURRENT_PROJECT_VERSION = 1;
				GENERATE_INFOPLIST_FILE = YES;
				INFOPLIST_FILE = WebediaTest/Info.plist;
				INFOPLIST_KEY_UIApplicationSupportsIndirectInputEvents = YES;
				INFOPLIST_KEY_UILaunchStoryboardName = LaunchScreen;
				INFOPLIST_KEY_UIMainStoryboardFile = Main;
				INFOPLIST_KEY_UISupportedInterfaceOrientations_iPad = "UIInterfaceOrientationPortrait UIInterfaceOrientationPortraitUpsideDown UIInterfaceOrientationLandscapeLeft UIInterfaceOrientationLandscapeRight";
				INFOPLIST_KEY_UISupportedInterfaceOrientations_iPhone = "UIInterfaceOrientationPortrait UIInterfaceOrientationLandscapeLeft UIInterfaceOrientationLandscapeRight";
				IPHONEOS_DEPLOYMENT_TARGET = 12.1;
				LD_RUNPATH_SEARCH_PATHS = (
					"$(inherited)",
					"@executable_path/Frameworks",
				);
				MARKETING_VERSION = 1.0;
				PRODUCT_BUNDLE_IDENTIFIER = com.webedia.test.WebediaTest;
				PRODUCT_NAME = "$(TARGET_NAME)";
				SWIFT_EMIT_LOC_STRINGS = YES;
				SWIFT_VERSION = 5.0;
				TARGETED_DEVICE_FAMILY = "1,2";
			};
			name = Debug;
		};
		81D27DCD27E1F00800C849E5 /* Release */ = {
			isa = XCBuildConfiguration;
			buildSettings = {
				ASSETCATALOG_COMPILER_APPICON_NAME = AppIcon;
				ASSETCATALOG_COMPILER_GLOBAL_ACCENT_COLOR_NAME = AccentColor;
				CODE_SIGN_STYLE = Automatic;
				CURRENT_PROJECT_VERSION = 1;
				GENERATE_INFOPLIST_FILE = YES;
				INFOPLIST_FILE = WebediaTest/Info.plist;
				INFOPLIST_KEY_UIApplicationSupportsIndirectInputEvents = YES;
				INFOPLIST_KEY_UILaunchStoryboardName = LaunchScreen;
				INFOPLIST_KEY_UIMainStoryboardFile = Main;
				INFOPLIST_KEY_UISupportedInterfaceOrientations_iPad = "UIInterfaceOrientationPortrait UIInterfaceOrientationPortraitUpsideDown UIInterfaceOrientationLandscapeLeft UIInterfaceOrientationLandscapeRight";
				INFOPLIST_KEY_UISupportedInterfaceOrientations_iPhone = "UIInterfaceOrientationPortrait UIInterfaceOrientationLandscapeLeft UIInterfaceOrientationLandscapeRight";
				IPHONEOS_DEPLOYMENT_TARGET = 12.1;
				LD_RUNPATH_SEARCH_PATHS = (
					"$(inherited)",
					"@executable_path/Frameworks",
				);
				MARKETING_VERSION = 1.0;
				PRODUCT_BUNDLE_IDENTIFIER = com.webedia.test.WebediaTest;
				PRODUCT_NAME = "$(TARGET_NAME)";
				SWIFT_EMIT_LOC_STRINGS = YES;
				SWIFT_VERSION = 5.0;
				TARGETED_DEVICE_FAMILY = "1,2";
			};
			name = Release;
		};
/* End XCBuildConfiguration section */

/* Begin XCConfigurationList section */
		81D27DB227E1F00600C849E5 /* Build configuration list for PBXProject "WebediaTest" */ = {
			isa = XCConfigurationList;
			buildConfigurations = (
				81D27DC927E1F00800C849E5 /* Debug */,
				81D27DCA27E1F00800C849E5 /* Release */,
			);
			defaultConfigurationIsVisible = 0;
			defaultConfigurationName = Release;
		};
		81D27DCB27E1F00800C849E5 /* Build configuration list for PBXNativeTarget "WebediaTest" */ = {
			isa = XCConfigurationList;
			buildConfigurations = (
				81D27DCC27E1F00800C849E5 /* Debug */,
				81D27DCD27E1F00800C849E5 /* Release */,
			);
			defaultConfigurationIsVisible = 0;
			defaultConfigurationName = Release;
		};
/* End XCConfigurationList section */
	};
	rootObject = 81D27DAF27E1F00600C849E5 /* Project object */;
}
