// !$*UTF8*$!
{
	archiveVersion = 1;
	classes = {
	};
	objectVersion = 55;
	objects = {

/* Begin PBXBuildFile section */
		32261D752807EB0E00D54CE1 /* ForecastCell.swift in Sources */ = {isa = PBXBuildFile; fileRef = 32261D732807EB0E00D54CE1 /* ForecastCell.swift */; };
		32261D762807EB0E00D54CE1 /* ForecastCell.xib in Resources */ = {isa = PBXBuildFile; fileRef = 32261D742807EB0E00D54CE1 /* ForecastCell.xib */; };
		324C86672804E71A008F4AED /* Forecast.swift in Sources */ = {isa = PBXBuildFile; fileRef = 324C86662804E71A008F4AED /* Forecast.swift */; };
		324C866D2804FB4D008F4AED /* Network.swift in Sources */ = {isa = PBXBuildFile; fileRef = 324C866C2804FB4D008F4AED /* Network.swift */; };
		324C86702805074C008F4AED /* ForecastListType.swift in Sources */ = {isa = PBXBuildFile; fileRef = 324C866F2805074C008F4AED /* ForecastListType.swift */; };
		32570E502806503F0069FB33 /* SplitViewViewController.swift in Sources */ = {isa = PBXBuildFile; fileRef = 32570E4F2806503F0069FB33 /* SplitViewViewController.swift */; };
		32570E5B28066CDE0069FB33 /* MasterViewControllerViewModel.swift in Sources */ = {isa = PBXBuildFile; fileRef = 32570E5A28066CDE0069FB33 /* MasterViewControllerViewModel.swift */; };
		326925282806F38500315413 /* DetailViewControllerViewModel.swift in Sources */ = {isa = PBXBuildFile; fileRef = 326925272806F38500315413 /* DetailViewControllerViewModel.swift */; };
		32B8E2222807FFDE00675544 /* Error.swift in Sources */ = {isa = PBXBuildFile; fileRef = 32B8E2212807FFDE00675544 /* Error.swift */; };
		32B8E2242808005700675544 /* UIViewController+Ext.swift in Sources */ = {isa = PBXBuildFile; fileRef = 32B8E2232808005700675544 /* UIViewController+Ext.swift */; };
		32D1F21328078B2000EB8958 /* UIImage+Ext.swift in Sources */ = {isa = PBXBuildFile; fileRef = 32D1F21228078B2000EB8958 /* UIImage+Ext.swift */; };
		32D7F7E728079EA3008468B3 /* ForecastCellViewModel.swift in Sources */ = {isa = PBXBuildFile; fileRef = 32D7F7E628079EA3008468B3 /* ForecastCellViewModel.swift */; };
		32D7F7E92807A855008468B3 /* ForecastViewModelItem.swift in Sources */ = {isa = PBXBuildFile; fileRef = 32D7F7E82807A855008468B3 /* ForecastViewModelItem.swift */; };
		32D7F7F22807B48C008468B3 /* ImageCell.swift in Sources */ = {isa = PBXBuildFile; fileRef = 32D7F7F02807B48C008468B3 /* ImageCell.swift */; };
		32D7F7F32807B48C008468B3 /* ImageCell.xib in Resources */ = {isa = PBXBuildFile; fileRef = 32D7F7F12807B48C008468B3 /* ImageCell.xib */; };
		32D7F7F52807BC6B008468B3 /* ImageCellViewModel.swift in Sources */ = {isa = PBXBuildFile; fileRef = 32D7F7F42807BC6B008468B3 /* ImageCellViewModel.swift */; };
		32D7F7FA2807BF56008468B3 /* AttributeCell.swift in Sources */ = {isa = PBXBuildFile; fileRef = 32D7F7F92807BF56008468B3 /* AttributeCell.swift */; };
		32D7F7FC2807BF63008468B3 /* AttributeCellViewModel.swift in Sources */ = {isa = PBXBuildFile; fileRef = 32D7F7FB2807BF63008468B3 /* AttributeCellViewModel.swift */; };
		32D7F7FE2807CCF6008468B3 /* Attribute.swift in Sources */ = {isa = PBXBuildFile; fileRef = 32D7F7FD2807CCF6008468B3 /* Attribute.swift */; };
		81D27DBB27E1F00600C849E5 /* AppDelegate.swift in Sources */ = {isa = PBXBuildFile; fileRef = 81D27DBA27E1F00600C849E5 /* AppDelegate.swift */; };
		81D27DC227E1F00600C849E5 /* Main.storyboard in Resources */ = {isa = PBXBuildFile; fileRef = 81D27DC027E1F00600C849E5 /* Main.storyboard */; };
		81D27DC427E1F00800C849E5 /* Assets.xcassets in Resources */ = {isa = PBXBuildFile; fileRef = 81D27DC327E1F00800C849E5 /* Assets.xcassets */; };
		81D27DC727E1F00800C849E5 /* LaunchScreen.storyboard in Resources */ = {isa = PBXBuildFile; fileRef = 81D27DC527E1F00800C849E5 /* LaunchScreen.storyboard */; };
		81D27DCF27E1F30F00C849E5 /* MasterViewController.swift in Sources */ = {isa = PBXBuildFile; fileRef = 81D27DCE27E1F30F00C849E5 /* MasterViewController.swift */; };
		81D27DD127E1F32D00C849E5 /* DetailViewController.swift in Sources */ = {isa = PBXBuildFile; fileRef = 81D27DD027E1F32D00C849E5 /* DetailViewController.swift */; };
/* End PBXBuildFile section */

/* Begin PBXFileReference section */
		32261D732807EB0E00D54CE1 /* ForecastCell.swift */ = {isa = PBXFileReference; lastKnownFileType = sourcecode.swift; path = ForecastCell.swift; sourceTree = "<group>"; };
		32261D742807EB0E00D54CE1 /* ForecastCell.xib */ = {isa = PBXFileReference; lastKnownFileType = file.xib; path = ForecastCell.xib; sourceTree = "<group>"; };
		324C86662804E71A008F4AED /* Forecast.swift */ = {isa = PBXFileReference; lastKnownFileType = sourcecode.swift; path = Forecast.swift; sourceTree = "<group>"; };
		324C866C2804FB4D008F4AED /* Network.swift */ = {isa = PBXFileReference; lastKnownFileType = sourcecode.swift; path = Network.swift; sourceTree = "<group>"; };
		324C866F2805074C008F4AED /* ForecastListType.swift */ = {isa = PBXFileReference; lastKnownFileType = sourcecode.swift; path = ForecastListType.swift; sourceTree = "<group>"; };
		32570E4F2806503F0069FB33 /* SplitViewViewController.swift */ = {isa = PBXFileReference; lastKnownFileType = sourcecode.swift; path = SplitViewViewController.swift; sourceTree = "<group>"; };
		32570E5A28066CDE0069FB33 /* MasterViewControllerViewModel.swift */ = {isa = PBXFileReference; lastKnownFileType = sourcecode.swift; path = MasterViewControllerViewModel.swift; sourceTree = "<group>"; };
		326925272806F38500315413 /* DetailViewControllerViewModel.swift */ = {isa = PBXFileReference; lastKnownFileType = sourcecode.swift; path = DetailViewControllerViewModel.swift; sourceTree = "<group>"; };
		32B8E2212807FFDE00675544 /* Error.swift */ = {isa = PBXFileReference; lastKnownFileType = sourcecode.swift; path = Error.swift; sourceTree = "<group>"; };
		32B8E2232808005700675544 /* UIViewController+Ext.swift */ = {isa = PBXFileReference; lastKnownFileType = sourcecode.swift; path = "UIViewController+Ext.swift"; sourceTree = "<group>"; };
		32B8E227280805A900675544 /* 3.PNG */ = {isa = PBXFileReference; lastKnownFileType = image.png; path = 3.PNG; sourceTree = "<group>"; };
		32B8E228280805A900675544 /* 2.PNG */ = {isa = PBXFileReference; lastKnownFileType = image.png; path = 2.PNG; sourceTree = "<group>"; };
		32B8E229280805A900675544 /* 1.PNG */ = {isa = PBXFileReference; lastKnownFileType = image.png; path = 1.PNG; sourceTree = "<group>"; };
		32D1F21228078B2000EB8958 /* UIImage+Ext.swift */ = {isa = PBXFileReference; lastKnownFileType = sourcecode.swift; path = "UIImage+Ext.swift"; sourceTree = "<group>"; };
		32D7F7E628079EA3008468B3 /* ForecastCellViewModel.swift */ = {isa = PBXFileReference; lastKnownFileType = sourcecode.swift; path = ForecastCellViewModel.swift; sourceTree = "<group>"; };
		32D7F7E82807A855008468B3 /* ForecastViewModelItem.swift */ = {isa = PBXFileReference; lastKnownFileType = sourcecode.swift; path = ForecastViewModelItem.swift; sourceTree = "<group>"; };
		32D7F7F02807B48C008468B3 /* ImageCell.swift */ = {isa = PBXFileReference; lastKnownFileType = sourcecode.swift; path = ImageCell.swift; sourceTree = "<group>"; };
		32D7F7F12807B48C008468B3 /* ImageCell.xib */ = {isa = PBXFileReference; lastKnownFileType = file.xib; path = ImageCell.xib; sourceTree = "<group>"; };
		32D7F7F42807BC6B008468B3 /* ImageCellViewModel.swift */ = {isa = PBXFileReference; lastKnownFileType = sourcecode.swift; path = ImageCellViewModel.swift; sourceTree = "<group>"; };
		32D7F7F92807BF56008468B3 /* AttributeCell.swift */ = {isa = PBXFileReference; lastKnownFileType = sourcecode.swift; path = AttributeCell.swift; sourceTree = "<group>"; };
		32D7F7FB2807BF63008468B3 /* AttributeCellViewModel.swift */ = {isa = PBXFileReference; lastKnownFileType = sourcecode.swift; path = AttributeCellViewModel.swift; sourceTree = "<group>"; };
		32D7F7FD2807CCF6008468B3 /* Attribute.swift */ = {isa = PBXFileReference; lastKnownFileType = sourcecode.swift; path = Attribute.swift; sourceTree = "<group>"; };
		81D27DB727E1F00600C849E5 /* WebediaTest.app */ = {isa = PBXFileReference; explicitFileType = wrapper.application; includeInIndex = 0; path = WebediaTest.app; sourceTree = BUILT_PRODUCTS_DIR; };
		81D27DBA27E1F00600C849E5 /* AppDelegate.swift */ = {isa = PBXFileReference; lastKnownFileType = sourcecode.swift; path = AppDelegate.swift; sourceTree = "<group>"; };
		81D27DC127E1F00600C849E5 /* Base */ = {isa = PBXFileReference; lastKnownFileType = file.storyboard; name = Base; path = Base.lproj/Main.storyboard; sourceTree = "<group>"; };
		81D27DC327E1F00800C849E5 /* Assets.xcassets */ = {isa = PBXFileReference; lastKnownFileType = folder.assetcatalog; path = Assets.xcassets; sourceTree = "<group>"; };
		81D27DC627E1F00800C849E5 /* Base */ = {isa = PBXFileReference; lastKnownFileType = file.storyboard; name = Base; path = Base.lproj/LaunchScreen.storyboard; sourceTree = "<group>"; };
		81D27DC827E1F00800C849E5 /* Info.plist */ = {isa = PBXFileReference; lastKnownFileType = text.plist.xml; path = Info.plist; sourceTree = "<group>"; };
		81D27DCE27E1F30F00C849E5 /* MasterViewController.swift */ = {isa = PBXFileReference; lastKnownFileType = sourcecode.swift; path = MasterViewController.swift; sourceTree = "<group>"; };
		81D27DD027E1F32D00C849E5 /* DetailViewController.swift */ = {isa = PBXFileReference; lastKnownFileType = sourcecode.swift; path = DetailViewController.swift; sourceTree = "<group>"; };
/* End PBXFileReference section */

/* Begin PBXFrameworksBuildPhase section */
		81D27DB427E1F00600C849E5 /* Frameworks */ = {
			isa = PBXFrameworksBuildPhase;
			buildActionMask = 2147483647;
			files = (
			);
			runOnlyForDeploymentPostprocessing = 0;
		};
/* End PBXFrameworksBuildPhase section */

/* Begin PBXGroup section */
		324C86652804E6FE008F4AED /* Models */ = {
			isa = PBXGroup;
			children = (
				324C86662804E71A008F4AED /* Forecast.swift */,
				32D7F7FD2807CCF6008468B3 /* Attribute.swift */,
			);
			path = Models;
			sourceTree = "<group>";
		};
		324C866B2804FB44008F4AED /* Helper */ = {
			isa = PBXGroup;
			children = (
				324C866C2804FB4D008F4AED /* Network.swift */,
				32B8E2212807FFDE00675544 /* Error.swift */,
			);
			path = Helper;
			sourceTree = "<group>";
		};
		324C866E2805072F008F4AED /* Enums */ = {
			isa = PBXGroup;
			children = (
				324C866F2805074C008F4AED /* ForecastListType.swift */,
			);
			path = Enums;
			sourceTree = "<group>";
		};
		32570E51280664FA0069FB33 /* Controllers */ = {
			isa = PBXGroup;
			children = (
				32570E5D2806771F0069FB33 /* Detail */,
				32570E5C280672600069FB33 /* Master */,
				32570E5E2806775F0069FB33 /* Split */,
			);
			path = Controllers;
			sourceTree = "<group>";
		};
		32570E56280669570069FB33 /* Views */ = {
			isa = PBXGroup;
			children = (
				32570E572806695B0069FB33 /* Cells */,
			);
			path = Views;
			sourceTree = "<group>";
		};
		32570E572806695B0069FB33 /* Cells */ = {
			isa = PBXGroup;
			children = (
				32D7F7F82807BF35008468B3 /* AttributeCell */,
				32D7F7F62807BED5008468B3 /* ImageCell */,
				32D7F7F72807BF0B008468B3 /* ForecastCell */,
			);
			path = Cells;
			sourceTree = "<group>";
		};
		32570E5C280672600069FB33 /* Master */ = {
			isa = PBXGroup;
			children = (
				81D27DCE27E1F30F00C849E5 /* MasterViewController.swift */,
				32570E5A28066CDE0069FB33 /* MasterViewControllerViewModel.swift */,
			);
			path = Master;
			sourceTree = "<group>";
		};
		32570E5D2806771F0069FB33 /* Detail */ = {
			isa = PBXGroup;
			children = (
				81D27DD027E1F32D00C849E5 /* DetailViewController.swift */,
				326925272806F38500315413 /* DetailViewControllerViewModel.swift */,
				32D7F7E82807A855008468B3 /* ForecastViewModelItem.swift */,
			);
			path = Detail;
			sourceTree = "<group>";
		};
		32570E5E2806775F0069FB33 /* Split */ = {
			isa = PBXGroup;
			children = (
				32570E4F2806503F0069FB33 /* SplitViewViewController.swift */,
			);
			path = Split;
			sourceTree = "<group>";
		};
		32B8E2252808058900675544 /* Resources */ = {
			isa = PBXGroup;
			children = (
				32B8E2262808059700675544 /* Screenshots */,
			);
			path = Resources;
			sourceTree = "<group>";
		};
		32B8E2262808059700675544 /* Screenshots */ = {
			isa = PBXGroup;
			children = (
				32B8E229280805A900675544 /* 1.PNG */,
				32B8E228280805A900675544 /* 2.PNG */,
				32B8E227280805A900675544 /* 3.PNG */,
			);
			path = Screenshots;
			sourceTree = "<group>";
		};
		32D1F21128078B1500EB8958 /* Extensions */ = {
			isa = PBXGroup;
			children = (
				32D1F21228078B2000EB8958 /* UIImage+Ext.swift */,
				32B8E2232808005700675544 /* UIViewController+Ext.swift */,
			);
			path = Extensions;
			sourceTree = "<group>";
		};
		32D7F7F62807BED5008468B3 /* ImageCell */ = {
			isa = PBXGroup;
			children = (
				32D7F7F12807B48C008468B3 /* ImageCell.xib */,
				32D7F7F02807B48C008468B3 /* ImageCell.swift */,
				32D7F7F42807BC6B008468B3 /* ImageCellViewModel.swift */,
			);
			path = ImageCell;
			sourceTree = "<group>";
		};
		32D7F7F72807BF0B008468B3 /* ForecastCell */ = {
			isa = PBXGroup;
			children = (
				32261D742807EB0E00D54CE1 /* ForecastCell.xib */,
				32261D732807EB0E00D54CE1 /* ForecastCell.swift */,
				32D7F7E628079EA3008468B3 /* ForecastCellViewModel.swift */,
			);
			path = ForecastCell;
			sourceTree = "<group>";
		};
		32D7F7F82807BF35008468B3 /* AttributeCell */ = {
			isa = PBXGroup;
			children = (
				32D7F7F92807BF56008468B3 /* AttributeCell.swift */,
				32D7F7FB2807BF63008468B3 /* AttributeCellViewModel.swift */,
			);
			path = AttributeCell;
			sourceTree = "<group>";
		};
		81D27DAE27E1F00600C849E5 = {
			isa = PBXGroup;
			children = (
				81D27DB927E1F00600C849E5 /* WebediaTest */,
				81D27DB827E1F00600C849E5 /* Products */,
			);
			sourceTree = "<group>";
		};
		81D27DB827E1F00600C849E5 /* Products */ = {
			isa = PBXGroup;
			children = (
				81D27DB727E1F00600C849E5 /* WebediaTest.app */,
			);
			name = Products;
			sourceTree = "<group>";
		};
		81D27DB927E1F00600C849E5 /* WebediaTest */ = {
			isa = PBXGroup;
			children = (
				32B8E2252808058900675544 /* Resources */,
				32570E51280664FA0069FB33 /* Controllers */,
				32D1F21128078B1500EB8958 /* Extensions */,
				324C866E2805072F008F4AED /* Enums */,
				324C866B2804FB44008F4AED /* Helper */,
				324C86652804E6FE008F4AED /* Models */,
				32570E56280669570069FB33 /* Views */,
				81D27DC327E1F00800C849E5 /* Assets.xcassets */,
				81D27DBA27E1F00600C849E5 /* AppDelegate.swift */,
				81D27DC027E1F00600C849E5 /* Main.storyboard */,
				81D27DC527E1F00800C849E5 /* LaunchScreen.storyboard */,
				81D27DC827E1F00800C849E5 /* Info.plist */,
			);
			path = WebediaTest;
			sourceTree = "<group>";
		};
/* End PBXGroup section */

/* Begin PBXNativeTarget section */
		81D27DB627E1F00600C849E5 /* WebediaTest */ = {
			isa = PBXNativeTarget;
			buildConfigurationList = 81D27DCB27E1F00800C849E5 /* Build configuration list for PBXNativeTarget "WebediaTest" */;
			buildPhases = (
				81D27DB327E1F00600C849E5 /* Sources */,
				81D27DB427E1F00600C849E5 /* Frameworks */,
				81D27DB527E1F00600C849E5 /* Resources */,
			);
			buildRules = (
			);
			dependencies = (
			);
			name = WebediaTest;
			productName = WebediaTest;
			productReference = 81D27DB727E1F00600C849E5 /* WebediaTest.app */;
			productType = "com.apple.product-type.application";
		};
/* End PBXNativeTarget section */

/* Begin PBXProject section */
		81D27DAF27E1F00600C849E5 /* Project object */ = {
			isa = PBXProject;
			attributes = {
				BuildIndependentTargetsInParallel = 1;
				LastSwiftUpdateCheck = 1320;
				LastUpgradeCheck = 1320;
				TargetAttributes = {
					81D27DB627E1F00600C849E5 = {
						CreatedOnToolsVersion = 13.2.1;
						LastSwiftMigration = 1330;
					};
				};
			};
			buildConfigurationList = 81D27DB227E1F00600C849E5 /* Build configuration list for PBXProject "WebediaTest" */;
			compatibilityVersion = "Xcode 13.0";
			developmentRegion = en;
			hasScannedForEncodings = 0;
			knownRegions = (
				en,
				Base,
			);
			mainGroup = 81D27DAE27E1F00600C849E5;
			productRefGroup = 81D27DB827E1F00600C849E5 /* Products */;
			projectDirPath = "";
			projectRoot = "";
			targets = (
				81D27DB627E1F00600C849E5 /* WebediaTest */,
			);
		};
/* End PBXProject section */

/* Begin PBXResourcesBuildPhase section */
		81D27DB527E1F00600C849E5 /* Resources */ = {
			isa = PBXResourcesBuildPhase;
			buildActionMask = 2147483647;
			files = (
				81D27DC727E1F00800C849E5 /* LaunchScreen.storyboard in Resources */,
				32D7F7F32807B48C008468B3 /* ImageCell.xib in Resources */,
				81D27DC427E1F00800C849E5 /* Assets.xcassets in Resources */,
				32261D762807EB0E00D54CE1 /* ForecastCell.xib in Resources */,
				81D27DC227E1F00600C849E5 /* Main.storyboard in Resources */,
			);
			runOnlyForDeploymentPostprocessing = 0;
		};
/* End PBXResourcesBuildPhase section */

/* Begin PBXSourcesBuildPhase section */
		81D27DB327E1F00600C849E5 /* Sources */ = {
			isa = PBXSourcesBuildPhase;
			buildActionMask = 2147483647;
			files = (
				32261D752807EB0E00D54CE1 /* ForecastCell.swift in Sources */,
				324C866D2804FB4D008F4AED /* Network.swift in Sources */,
				32B8E2242808005700675544 /* UIViewController+Ext.swift in Sources */,
				32570E502806503F0069FB33 /* SplitViewViewController.swift in Sources */,
				326925282806F38500315413 /* DetailViewControllerViewModel.swift in Sources */,
				324C86672804E71A008F4AED /* Forecast.swift in Sources */,
				32D7F7E92807A855008468B3 /* ForecastViewModelItem.swift in Sources */,
				32D7F7F52807BC6B008468B3 /* ImageCellViewModel.swift in Sources */,
				32D7F7F22807B48C008468B3 /* ImageCell.swift in Sources */,
				324C86702805074C008F4AED /* ForecastListType.swift in Sources */,
				32D7F7E728079EA3008468B3 /* ForecastCellViewModel.swift in Sources */,
				32570E5B28066CDE0069FB33 /* MasterViewControllerViewModel.swift in Sources */,
				81D27DD127E1F32D00C849E5 /* DetailViewController.swift in Sources */,
				32D7F7FE2807CCF6008468B3 /* Attribute.swift in Sources */,
				81D27DCF27E1F30F00C849E5 /* MasterViewController.swift in Sources */,
				32D7F7FC2807BF63008468B3 /* AttributeCellViewModel.swift in Sources */,
				81D27DBB27E1F00600C849E5 /* AppDelegate.swift in Sources */,
				32D7F7FA2807BF56008468B3 /* AttributeCell.swift in Sources */,
				32D1F21328078B2000EB8958 /* UIImage+Ext.swift in Sources */,
				32B8E2222807FFDE00675544 /* Error.swift in Sources */,
			);
			runOnlyForDeploymentPostprocessing = 0;
		};
/* End PBXSourcesBuildPhase section */

/* Begin PBXVariantGroup section */
		81D27DC027E1F00600C849E5 /* Main.storyboard */ = {
			isa = PBXVariantGroup;
			children = (
				81D27DC127E1F00600C849E5 /* Base */,
			);
			name = Main.storyboard;
			sourceTree = "<group>";
		};
		81D27DC527E1F00800C849E5 /* LaunchScreen.storyboard */ = {
			isa = PBXVariantGroup;
			children = (
				81D27DC627E1F00800C849E5 /* Base */,
			);
			name = LaunchScreen.storyboard;
			sourceTree = "<group>";
		};
/* End PBXVariantGroup section */

/* Begin XCBuildConfiguration section */
		81D27DC927E1F00800C849E5 /* Debug */ = {
			isa = XCBuildConfiguration;
			buildSettings = {
				ALWAYS_SEARCH_USER_PATHS = NO;
				CLANG_ANALYZER_NONNULL = YES;
				CLANG_ANALYZER_NUMBER_OBJECT_CONVERSION = YES_AGGRESSIVE;
				CLANG_CXX_LANGUAGE_STANDARD = "gnu++17";
				CLANG_CXX_LIBRARY = "libc++";
				CLANG_ENABLE_MODULES = YES;
				CLANG_ENABLE_OBJC_ARC = YES;
				CLANG_ENABLE_OBJC_WEAK = YES;
				CLANG_WARN_BLOCK_CAPTURE_AUTORELEASING = YES;
				CLANG_WARN_BOOL_CONVERSION = YES;
				CLANG_WARN_COMMA = YES;
				CLANG_WARN_CONSTANT_CONVERSION = YES;
				CLANG_WARN_DEPRECATED_OBJC_IMPLEMENTATIONS = YES;
				CLANG_WARN_DIRECT_OBJC_ISA_USAGE = YES_ERROR;
				CLANG_WARN_DOCUMENTATION_COMMENTS = YES;
				CLANG_WARN_EMPTY_BODY = YES;
				CLANG_WARN_ENUM_CONVERSION = YES;
				CLANG_WARN_INFINITE_RECURSION = YES;
				CLANG_WARN_INT_CONVERSION = YES;
				CLANG_WARN_NON_LITERAL_NULL_CONVERSION = YES;
				CLANG_WARN_OBJC_IMPLICIT_RETAIN_SELF = YES;
				CLANG_WARN_OBJC_LITERAL_CONVERSION = YES;
				CLANG_WARN_OBJC_ROOT_CLASS = YES_ERROR;
				CLANG_WARN_QUOTED_INCLUDE_IN_FRAMEWORK_HEADER = YES;
				CLANG_WARN_RANGE_LOOP_ANALYSIS = YES;
				CLANG_WARN_STRICT_PROTOTYPES = YES;
				CLANG_WARN_SUSPICIOUS_MOVE = YES;
				CLANG_WARN_UNGUARDED_AVAILABILITY = YES_AGGRESSIVE;
				CLANG_WARN_UNREACHABLE_CODE = YES;
				CLANG_WARN__DUPLICATE_METHOD_MATCH = YES;
				COPY_PHASE_STRIP = NO;
				DEBUG_INFORMATION_FORMAT = dwarf;
				ENABLE_STRICT_OBJC_MSGSEND = YES;
				ENABLE_TESTABILITY = YES;
				GCC_C_LANGUAGE_STANDARD = gnu11;
				GCC_DYNAMIC_NO_PIC = NO;
				GCC_NO_COMMON_BLOCKS = YES;
				GCC_OPTIMIZATION_LEVEL = 0;
				GCC_PREPROCESSOR_DEFINITIONS = (
					"DEBUG=1",
					"$(inherited)",
				);
				GCC_WARN_64_TO_32_BIT_CONVERSION = YES;
				GCC_WARN_ABOUT_RETURN_TYPE = YES_ERROR;
				GCC_WARN_UNDECLARED_SELECTOR = YES;
				GCC_WARN_UNINITIALIZED_AUTOS = YES_AGGRESSIVE;
				GCC_WARN_UNUSED_FUNCTION = YES;
				GCC_WARN_UNUSED_VARIABLE = YES;
				IPHONEOS_DEPLOYMENT_TARGET = 12.1;
				MTL_ENABLE_DEBUG_INFO = INCLUDE_SOURCE;
				MTL_FAST_MATH = YES;
				ONLY_ACTIVE_ARCH = YES;
				SDKROOT = iphoneos;
				SWIFT_ACTIVE_COMPILATION_CONDITIONS = DEBUG;
				SWIFT_OPTIMIZATION_LEVEL = "-Onone";
			};
			name = Debug;
		};
		81D27DCA27E1F00800C849E5 /* Release */ = {
			isa = XCBuildConfiguration;
			buildSettings = {
				ALWAYS_SEARCH_USER_PATHS = NO;
				CLANG_ANALYZER_NONNULL = YES;
				CLANG_ANALYZER_NUMBER_OBJECT_CONVERSION = YES_AGGRESSIVE;
				CLANG_CXX_LANGUAGE_STANDARD = "gnu++17";
				CLANG_CXX_LIBRARY = "libc++";
				CLANG_ENABLE_MODULES = YES;
				CLANG_ENABLE_OBJC_ARC = YES;
				CLANG_ENABLE_OBJC_WEAK = YES;
				CLANG_WARN_BLOCK_CAPTURE_AUTORELEASING = YES;
				CLANG_WARN_BOOL_CONVERSION = YES;
				CLANG_WARN_COMMA = YES;
				CLANG_WARN_CONSTANT_CONVERSION = YES;
				CLANG_WARN_DEPRECATED_OBJC_IMPLEMENTATIONS = YES;
				CLANG_WARN_DIRECT_OBJC_ISA_USAGE = YES_ERROR;
				CLANG_WARN_DOCUMENTATION_COMMENTS = YES;
				CLANG_WARN_EMPTY_BODY = YES;
				CLANG_WARN_ENUM_CONVERSION = YES;
				CLANG_WARN_INFINITE_RECURSION = YES;
				CLANG_WARN_INT_CONVERSION = YES;
				CLANG_WARN_NON_LITERAL_NULL_CONVERSION = YES;
				CLANG_WARN_OBJC_IMPLICIT_RETAIN_SELF = YES;
				CLANG_WARN_OBJC_LITERAL_CONVERSION = YES;
				CLANG_WARN_OBJC_ROOT_CLASS = YES_ERROR;
				CLANG_WARN_QUOTED_INCLUDE_IN_FRAMEWORK_HEADER = YES;
				CLANG_WARN_RANGE_LOOP_ANALYSIS = YES;
				CLANG_WARN_STRICT_PROTOTYPES = YES;
				CLANG_WARN_SUSPICIOUS_MOVE = YES;
				CLANG_WARN_UNGUARDED_AVAILABILITY = YES_AGGRESSIVE;
				CLANG_WARN_UNREACHABLE_CODE = YES;
				CLANG_WARN__DUPLICATE_METHOD_MATCH = YES;
				COPY_PHASE_STRIP = NO;
				DEBUG_INFORMATION_FORMAT = "dwarf-with-dsym";
				ENABLE_NS_ASSERTIONS = NO;
				ENABLE_STRICT_OBJC_MSGSEND = YES;
				GCC_C_LANGUAGE_STANDARD = gnu11;
				GCC_NO_COMMON_BLOCKS = YES;
				GCC_WARN_64_TO_32_BIT_CONVERSION = YES;
				GCC_WARN_ABOUT_RETURN_TYPE = YES_ERROR;
				GCC_WARN_UNDECLARED_SELECTOR = YES;
				GCC_WARN_UNINITIALIZED_AUTOS = YES_AGGRESSIVE;
				GCC_WARN_UNUSED_FUNCTION = YES;
				GCC_WARN_UNUSED_VARIABLE = YES;
				IPHONEOS_DEPLOYMENT_TARGET = 12.1;
				MTL_ENABLE_DEBUG_INFO = NO;
				MTL_FAST_MATH = YES;
				SDKROOT = iphoneos;
				SWIFT_COMPILATION_MODE = wholemodule;
				SWIFT_OPTIMIZATION_LEVEL = "-O";
				VALIDATE_PRODUCT = YES;
			};
			name = Release;
		};
		81D27DCC27E1F00800C849E5 /* Debug */ = {
			isa = XCBuildConfiguration;
			buildSettings = {
				ASSETCATALOG_COMPILER_APPICON_NAME = AppIcon;
				ASSETCATALOG_COMPILER_GLOBAL_ACCENT_COLOR_NAME = AccentColor;
				CODE_SIGN_STYLE = Automatic;
				CURRENT_PROJECT_VERSION = 1;
				GENERATE_INFOPLIST_FILE = YES;
				INFOPLIST_FILE = WebediaTest/Info.plist;
				INFOPLIST_KEY_UIApplicationSupportsIndirectInputEvents = YES;
				INFOPLIST_KEY_UILaunchStoryboardName = LaunchScreen;
				INFOPLIST_KEY_UIMainStoryboardFile = Main;
				INFOPLIST_KEY_UISupportedInterfaceOrientations_iPad = "UIInterfaceOrientationPortrait UIInterfaceOrientationPortraitUpsideDown UIInterfaceOrientationLandscapeLeft UIInterfaceOrientationLandscapeRight";
				INFOPLIST_KEY_UISupportedInterfaceOrientations_iPhone = "UIInterfaceOrientationPortrait UIInterfaceOrientationLandscapeLeft UIInterfaceOrientationLandscapeRight";
				IPHONEOS_DEPLOYMENT_TARGET = 12.1;
				LD_RUNPATH_SEARCH_PATHS = (
					"$(inherited)",
					"@executable_path/Frameworks",
				);
				MARKETING_VERSION = 1.0;
				PRODUCT_BUNDLE_IDENTIFIER = com.webedia.test.WebediaTest;
				PRODUCT_NAME = "$(TARGET_NAME)";
				SWIFT_EMIT_LOC_STRINGS = YES;
				SWIFT_VERSION = 5.0;
				TARGETED_DEVICE_FAMILY = "1,2";
			};
			name = Debug;
		};
		81D27DCD27E1F00800C849E5 /* Release */ = {
			isa = XCBuildConfiguration;
			buildSettings = {
				ASSETCATALOG_COMPILER_APPICON_NAME = AppIcon;
				ASSETCATALOG_COMPILER_GLOBAL_ACCENT_COLOR_NAME = AccentColor;
				CODE_SIGN_STYLE = Automatic;
				CURRENT_PROJECT_VERSION = 1;
				GENERATE_INFOPLIST_FILE = YES;
				INFOPLIST_FILE = WebediaTest/Info.plist;
				INFOPLIST_KEY_UIApplicationSupportsIndirectInputEvents = YES;
				INFOPLIST_KEY_UILaunchStoryboardName = LaunchScreen;
				INFOPLIST_KEY_UIMainStoryboardFile = Main;
				INFOPLIST_KEY_UISupportedInterfaceOrientations_iPad = "UIInterfaceOrientationPortrait UIInterfaceOrientationPortraitUpsideDown UIInterfaceOrientationLandscapeLeft UIInterfaceOrientationLandscapeRight";
				INFOPLIST_KEY_UISupportedInterfaceOrientations_iPhone = "UIInterfaceOrientationPortrait UIInterfaceOrientationLandscapeLeft UIInterfaceOrientationLandscapeRight";
				IPHONEOS_DEPLOYMENT_TARGET = 12.1;
				LD_RUNPATH_SEARCH_PATHS = (
					"$(inherited)",
					"@executable_path/Frameworks",
				);
				MARKETING_VERSION = 1.0;
				PRODUCT_BUNDLE_IDENTIFIER = com.webedia.test.WebediaTest;
				PRODUCT_NAME = "$(TARGET_NAME)";
				SWIFT_EMIT_LOC_STRINGS = YES;
				SWIFT_VERSION = 5.0;
				TARGETED_DEVICE_FAMILY = "1,2";
			};
			name = Release;
		};
/* End XCBuildConfiguration section */

/* Begin XCConfigurationList section */
		81D27DB227E1F00600C849E5 /* Build configuration list for PBXProject "WebediaTest" */ = {
			isa = XCConfigurationList;
			buildConfigurations = (
				81D27DC927E1F00800C849E5 /* Debug */,
				81D27DCA27E1F00800C849E5 /* Release */,
			);
			defaultConfigurationIsVisible = 0;
			defaultConfigurationName = Release;
		};
		81D27DCB27E1F00800C849E5 /* Build configuration list for PBXNativeTarget "WebediaTest" */ = {
			isa = XCConfigurationList;
			buildConfigurations = (
				81D27DCC27E1F00800C849E5 /* Debug */,
				81D27DCD27E1F00800C849E5 /* Release */,
			);
			defaultConfigurationIsVisible = 0;
			defaultConfigurationName = Release;
		};
/* End XCConfigurationList section */
	};
	rootObject = 81D27DAF27E1F00600C849E5 /* Project object */;
}
